Microsoft Visual Studio Solution File, Format Version 12.00
# Visual Studio 2012
Project("{FAE04EC0-301F-11D3-BF4B-00C04F79EFBC}") = "EatingGame", "EatingGame.csproj", "{EB02DBA7-49C3-4E99-BF19-C39A41F5179A}"
EndProject
Global
	GlobalSection(SolutionConfigurationPlatforms) = preSolution
	Debug|Any CPU = Debug|Any CPU
	ExportDebug|Any CPU = ExportDebug|Any CPU
	ExportRelease|Any CPU = ExportRelease|Any CPU
	EndGlobalSection
	GlobalSection(ProjectConfigurationPlatforms) = postSolution
		{EB02DBA7-49C3-4E99-BF19-C39A41F5179A}.Debug|Any CPU.ActiveCfg = Debug|Any CPU
		{EB02DBA7-49C3-4E99-BF19-C39A41F5179A}.Debug|Any CPU.Build.0 = Debug|Any CPU
		{EB02DBA7-49C3-4E99-BF19-C39A41F5179A}.ExportDebug|Any CPU.ActiveCfg = ExportDebug|Any CPU
		{EB02DBA7-49C3-4E99-BF19-C39A41F5179A}.ExportDebug|Any CPU.Build.0 = ExportDebug|Any CPU
		{EB02DBA7-49C3-4E99-BF19-C39A41F5179A}.ExportRelease|Any CPU.ActiveCfg = ExportRelease|Any CPU
		{EB02DBA7-49C3-4E99-BF19-C39A41F5179A}.ExportRelease|Any CPU.Build.0 = ExportRelease|Any CPU
	EndGlobalSection
EndGlobal
